{
  "name": "docker-test",
  "version": "1.0.0",
  "lockfileVersion": 3,
  "requires": true,
  "packages": {
    "": {
      "name": "docker-test",
      "version": "1.0.0",
      "license": "ISC",
      "dependencies": {
        "node": "^24.2.0"
      }
    },
    "node_modules/node": {
      "version": "24.2.0",
      "resolved": "https://registry.npmjs.org/node/-/node-24.2.0.tgz",
      "integrity": "sha512-+LxcguHN48uLeFUdC8w9SGbJhuOklUrCgl0K3dmqhXdokzwd83HKXUbeA8JLd41G+77W9Ovq7FXGCij74Ff/tw==",
      "hasInstallScript": true,
      "license": "ISC",
      "dependencies": {
        "node-bin-setup": "^1.0.0"
      },
      "bin": {
        "node": "bin/node"
      },
      "engines": {
        "npm": ">=5.0.0"
      }
    },
    "node_modules/node-bin-setup": {
      "version": "1.1.4",
      "resolved": "https://registry.npmjs.org/node-bin-setup/-/node-bin-setup-1.1.4.tgz",
      "integrity": "sha512-vWNHOne0ZUavArqPP5LJta50+S8R261Fr5SvGul37HbEDcowvLjwdvd0ZeSr0r2lTSrPxl6okq9QUw8BFGiAxA==",
      "license": "ISC"
    }
  }
}
